PODS:
  - MPFormTableViewCell (0.1.1)

DEPENDENCIES:
  - MPFormTableViewCell (from `../`)

EXTERNAL SOURCES:
  MPFormTableViewCell:
    :path: ../

SPEC CHECKSUMS:
  MPFormTableViewCell: f5ef52a1b98ab1b0b09168848cce5547b422a071

PODFILE CHECKSUM: 93465d8e762235c7255f0c56951a3572fd7de77a

COCOAPODS: 1.0.0
